
Microsoft Visual Studio Solution File, Format Version 12.00
# Visual Studio Version 17
VisualStudioVersion = 17.14.36401.2
MinimumVisualStudioVersion = 10.0.40219.1
Project("{FAE04EC0-301F-11D3-BF4B-00C04F79EFBC}") = "LivestockMarketplaceAppMVC", "LivestockMarketplaceApp\LivestockMarketplaceAppMVC.csproj", "{BEFDB61A-D751-4B3E-9932-6FB387188A2D}"
EndProject
Project("{FAE04EC0-301F-11D3-BF4B-00C04F79EFBC}") = "LivestockMarketplaceAppApi", "LivestockMarketplaceAppApi\LivestockMarketplaceAppApi.csproj", "{869012D2-5FCD-43B0-835C-CAC9F0D1228B}"
EndProject
Global
	GlobalSection(SolutionConfigurationPlatforms) = preSolution
		Debug|Any CPU = Debug|Any CPU
		Release|Any CPU = Release|Any CPU
	EndGlobalSection
	GlobalSection(ProjectConfigurationPlatforms) = postSolution
		{BEFDB61A-D751-4B3E-9932-6FB387188A2D}.Debug|Any CPU.ActiveCfg = Debug|Any CPU
		{BEFDB61A-D751-4B3E-9932-6FB387188A2D}.Debug|Any CPU.Build.0 = Debug|Any CPU
		{BEFDB61A-D751-4B3E-9932-6FB387188A2D}.Release|Any CPU.ActiveCfg = Release|Any CPU
		{BEFDB61A-D751-4B3E-9932-6FB387188A2D}.Release|Any CPU.Build.0 = Release|Any CPU
		{869012D2-5FCD-43B0-835C-CAC9F0D1228B}.Debug|Any CPU.ActiveCfg = Debug|Any CPU
		{869012D2-5FCD-43B0-835C-CAC9F0D1228B}.Debug|Any CPU.Build.0 = Debug|Any CPU
		{869012D2-5FCD-43B0-835C-CAC9F0D1228B}.Release|Any CPU.ActiveCfg = Release|Any CPU
		{869012D2-5FCD-43B0-835C-CAC9F0D1228B}.Release|Any CPU.Build.0 = Release|Any CPU
	EndGlobalSection
	GlobalSection(SolutionProperties) = preSolution
		HideSolutionNode = FALSE
	EndGlobalSection
	GlobalSection(ExtensibilityGlobals) = postSolution
		SolutionGuid = {50153D80-66CE-4D47-B4E4-DA4867404A2A}
	EndGlobalSection
EndGlobal
